
Microsoft Visual Studio Solution File, Format Version 12.00
# Visual Studio Version 17
VisualStudioVersion = 17.13.35913.81 d17.13
MinimumVisualStudioVersion = 10.0.40219.1
Project("{FAE04EC0-301F-11D3-BF4B-00C04F79EFBC}") = "Simple Calculator Application", "Simple Calculator Application\Simple Calculator Application.csproj", "{675E26FC-62D6-445D-BCD9-42C076710699}"
EndProject
Global
	GlobalSection(SolutionConfigurationPlatforms) = preSolution
		Debug|Any CPU = Debug|Any CPU
		Release|Any CPU = Release|Any CPU
	EndGlobalSection
	GlobalSection(ProjectConfigurationPlatforms) = postSolution
		{675E26FC-62D6-445D-BCD9-42C076710699}.Debug|Any CPU.ActiveCfg = Debug|Any CPU
		{675E26FC-62D6-445D-BCD9-42C076710699}.Debug|Any CPU.Build.0 = Debug|Any CPU
		{675E26FC-62D6-445D-BCD9-42C076710699}.Release|Any CPU.ActiveCfg = Release|Any CPU
		{675E26FC-62D6-445D-BCD9-42C076710699}.Release|Any CPU.Build.0 = Release|Any CPU
	EndGlobalSection
	GlobalSection(SolutionProperties) = preSolution
		HideSolutionNode = FALSE
	EndGlobalSection
	GlobalSection(ExtensibilityGlobals) = postSolution
		SolutionGuid = {D1B19E41-D924-47EB-A49C-2CCF7029B390}
	EndGlobalSection
EndGlobal
